{
  "name": "wx-fs",
  "version": "1.0.0",
  "lockfileVersion": 2,
  "requires": true,
  "packages": {
    "": {
      "name": "wx-fs",
      "version": "1.0.0",
      "license": "ISC",
      "dependencies": {
        "lodash": "^4.17.15",
        "moment": "^2.26.0",
        "number-precision": "^1.5.2"
      }
    },
    "node_modules/lodash": {
      "version": "4.17.15",
      "resolved": "https://registry.npm.taobao.org/lodash/download/lodash-4.17.15.tgz",
      "integrity": "sha1-tEf2ZwoEVbv+7dETku/zMOoJdUg="
    },
    "node_modules/moment": {
      "version": "2.26.0",
      "resolved": "https://registry.npm.taobao.org/moment/download/moment-2.26.0.tgz?cache=0&sync_timestamp=1589955708012&other_urls=https%3A%2F%2Fregistry.npm.taobao.org%2Fmoment%2Fdownload%2Fmoment-2.26.0.tgz",
      "integrity": "sha1-Xh+Cxrr8pug+gIswyHBe7Q3L05o=",
      "engines": {
        "node": "*"
      }
    },
    "node_modules/number-precision": {
      "version": "1.5.2",
      "resolved": "https://registry.npmjs.org/number-precision/-/number-precision-1.5.2.tgz",
      "integrity": "sha512-q7C1ZW3FyjsJ+IpGB6ykX8OWWa5+6M+hEY0zXBlzq1Sq1IPY9GeI3CQ9b2i6CMIYoeSuFhop2Av/OhCxClXqag=="
    }
  },
  "dependencies": {
    "lodash": {
      "version": "4.17.15",
      "resolved": "https://registry.npm.taobao.org/lodash/download/lodash-4.17.15.tgz",
      "integrity": "sha1-tEf2ZwoEVbv+7dETku/zMOoJdUg="
    },
    "moment": {
      "version": "2.26.0",
      "resolved": "https://registry.npm.taobao.org/moment/download/moment-2.26.0.tgz?cache=0&sync_timestamp=1589955708012&other_urls=https%3A%2F%2Fregistry.npm.taobao.org%2Fmoment%2Fdownload%2Fmoment-2.26.0.tgz",
      "integrity": "sha1-Xh+Cxrr8pug+gIswyHBe7Q3L05o="
    },
    "number-precision": {
      "version": "1.5.2",
      "resolved": "https://registry.npmjs.org/number-precision/-/number-precision-1.5.2.tgz",
      "integrity": "sha512-q7C1ZW3FyjsJ+IpGB6ykX8OWWa5+6M+hEY0zXBlzq1Sq1IPY9GeI3CQ9b2i6CMIYoeSuFhop2Av/OhCxClXqag=="
    }
  }
}
